
Microsoft Visual Studio Solution File, Format Version 12.00
# Visual Studio Version 16
VisualStudioVersion = 16.0.32002.261
MinimumVisualStudioVersion = 10.0.40219.1
Project("{FAE04EC0-301F-11D3-BF4B-00C04F79EFBC}") = "DanFay.Store.Ids", "DanFay.Store.Ids\DanFay.Store.Ids.csproj", "{26DD77D0-325B-486D-99B9-3277AC1AC002}"
EndProject
Global
	GlobalSection(SolutionConfigurationPlatforms) = preSolution
		Debug|Any CPU = Debug|Any CPU
		Release|Any CPU = Release|Any CPU
	EndGlobalSection
	GlobalSection(ProjectConfigurationPlatforms) = postSolution
		{26DD77D0-325B-486D-99B9-3277AC1AC002}.Debug|Any CPU.ActiveCfg = Debug|Any CPU
		{26DD77D0-325B-486D-99B9-3277AC1AC002}.Debug|Any CPU.Build.0 = Debug|Any CPU
		{26DD77D0-325B-486D-99B9-3277AC1AC002}.Release|Any CPU.ActiveCfg = Release|Any CPU
		{26DD77D0-325B-486D-99B9-3277AC1AC002}.Release|Any CPU.Build.0 = Release|Any CPU
	EndGlobalSection
	GlobalSection(SolutionProperties) = preSolution
		HideSolutionNode = FALSE
	EndGlobalSection
	GlobalSection(ExtensibilityGlobals) = postSolution
		SolutionGuid = {67211A44-867C-4C53-8022-540383E38693}
	EndGlobalSection
EndGlobal
